
Microsoft Visual Studio Solution File, Format Version 12.00
# Visual Studio Version 17
VisualStudioVersion = 17.10.35013.160
MinimumVisualStudioVersion = 10.0.40219.1
Project("{FAE04EC0-301F-11D3-BF4B-00C04F79EFBC}") = "UsuariosAPI", "UsuariosAPI\UsuariosAPI.csproj", "{B3CF450B-0378-4D57-BEC5-E1FB085EDEA8}"
EndProject
Global
	GlobalSection(SolutionConfigurationPlatforms) = preSolution
		Debug|Any CPU = Debug|Any CPU
		Release|Any CPU = Release|Any CPU
	EndGlobalSection
	GlobalSection(ProjectConfigurationPlatforms) = postSolution
		{B3CF450B-0378-4D57-BEC5-E1FB085EDEA8}.Debug|Any CPU.ActiveCfg = Debug|Any CPU
		{B3CF450B-0378-4D57-BEC5-E1FB085EDEA8}.Debug|Any CPU.Build.0 = Debug|Any CPU
		{B3CF450B-0378-4D57-BEC5-E1FB085EDEA8}.Release|Any CPU.ActiveCfg = Release|Any CPU
		{B3CF450B-0378-4D57-BEC5-E1FB085EDEA8}.Release|Any CPU.Build.0 = Release|Any CPU
	EndGlobalSection
	GlobalSection(SolutionProperties) = preSolution
		HideSolutionNode = FALSE
	EndGlobalSection
	GlobalSection(ExtensibilityGlobals) = postSolution
		SolutionGuid = {A6559AEA-7BDA-47F7-9F7F-F1F3F6ED815C}
	EndGlobalSection
EndGlobal
